// !$*UTF8*$!
{
	archiveVersion = 1;
	classes = {
	};
	objectVersion = 46;
	objects = {

/* Begin PBXBuildFile section */
		400356BA19F20B5200D49AE6 /* AppDelegate.swift in Sources */ = {isa = PBXBuildFile; fileRef = 400356B919F20B5200D49AE6 /* AppDelegate.swift */; };
		400356BC19F20B5200D49AE6 /* ViewController.swift in Sources */ = {isa = PBXBuildFile; fileRef = 400356BB19F20B5200D49AE6 /* ViewController.swift */; };
		400356BF19F20B5200D49AE6 /* Main.storyboard in Resources */ = {isa = PBXBuildFile; fileRef = 400356BD19F20B5200D49AE6 /* Main.storyboard */; };
		400356C119F20B5200D49AE6 /* Images.xcassets in Resources */ = {isa = PBXBuildFile; fileRef = 400356C019F20B5200D49AE6 /* Images.xcassets */; };
		400356C419F20B5200D49AE6 /* LaunchScreen.xib in Resources */ = {isa = PBXBuildFile; fileRef = 400356C219F20B5200D49AE6 /* LaunchScreen.xib */; };
		400356D019F20B5200D49AE6 /* StopwatchTests.swift in Sources */ = {isa = PBXBuildFile; fileRef = 400356CF19F20B5200D49AE6 /* StopwatchTests.swift */; };
/* End PBXBuildFile section */

/* Begin PBXContainerItemProxy section */
		400356CA19F20B5200D49AE6 /* PBXContainerItemProxy */ = {
			isa = PBXContainerItemProxy;
			containerPortal = 400356AC19F20B5200D49AE6 /* Project object */;
			proxyType = 1;
			remoteGlobalIDString = 400356B319F20B5200D49AE6;
			remoteInfo = Stopwatch;
		};
/* End PBXContainerItemProxy section */

/* Begin PBXFileReference section */
		400356B419F20B5200D49AE6 /* Stopwatch.app */ = {isa = PBXFileReference; explicitFileType = wrapper.application; includeInIndex = 0; path = Stopwatch.app; sourceTree = BUILT_PRODUCTS_DIR; };
		400356B819F20B5200D49AE6 /* Info.plist */ = {isa = PBXFileReference; lastKnownFileType = text.plist.xml; path = Info.plist; sourceTree = "<group>"; };
		400356B919F20B5200D49AE6 /* AppDelegate.swift */ = {isa = PBXFileReference; lastKnownFileType = sourcecode.swift; path = AppDelegate.swift; sourceTree = "<group>"; };
		400356BB19F20B5200D49AE6 /* ViewController.swift */ = {isa = PBXFileReference; lastKnownFileType = sourcecode.swift; path = ViewController.swift; sourceTree = "<group>"; };
		400356BE19F20B5200D49AE6 /* Base */ = {isa = PBXFileReference; lastKnownFileType = file.storyboard; name = Base; path = Base.lproj/Main.storyboard; sourceTree = "<group>"; };
		400356C019F20B5200D49AE6 /* Images.xcassets */ = {isa = PBXFileReference; lastKnownFileType = folder.assetcatalog; path = Images.xcassets; sourceTree = "<group>"; };
		400356C319F20B5200D49AE6 /* Base */ = {isa = PBXFileReference; lastKnownFileType = file.xib; name = Base; path = Base.lproj/LaunchScreen.xib; sourceTree = "<group>"; };
		400356C919F20B5200D49AE6 /* StopwatchTests.xctest */ = {isa = PBXFileReference; explicitFileType = wrapper.cfbundle; includeInIndex = 0; path = StopwatchTests.xctest; sourceTree = BUILT_PRODUCTS_DIR; };
		400356CE19F20B5200D49AE6 /* Info.plist */ = {isa = PBXFileReference; lastKnownFileType = text.plist.xml; path = Info.plist; sourceTree = "<group>"; };
		400356CF19F20B5200D49AE6 /* StopwatchTests.swift */ = {isa = PBXFileReference; lastKnownFileType = sourcecode.swift; path = StopwatchTests.swift; sourceTree = "<group>"; };
/* End PBXFileReference section */

/* Begin PBXFrameworksBuildPhase section */
		400356B119F20B5200D49AE6 /* Frameworks */ = {
			isa = PBXFrameworksBuildPhase;
			buildActionMask = 2147483647;
			files = (
			);
			runOnlyForDeploymentPostprocessing = 0;
		};
		400356C619F20B5200D49AE6 /* Frameworks */ = {
			isa = PBXFrameworksBuildPhase;
			buildActionMask = 2147483647;
			files = (
			);
			runOnlyForDeploymentPostprocessing = 0;
		};
/* End PBXFrameworksBuildPhase section */

/* Begin PBXGroup section */
		400356AB19F20B5200D49AE6 = {
			isa = PBXGroup;
			children = (
				400356B619F20B5200D49AE6 /* Stopwatch */,
				400356CC19F20B5200D49AE6 /* StopwatchTests */,
				400356B519F20B5200D49AE6 /* Products */,
			);
			sourceTree = "<group>";
		};
		400356B519F20B5200D49AE6 /* Products */ = {
			isa = PBXGroup;
			children = (
				400356B419F20B5200D49AE6 /* Stopwatch.app */,
				400356C919F20B5200D49AE6 /* StopwatchTests.xctest */,
			);
			name = Products;
			sourceTree = "<group>";
		};
		400356B619F20B5200D49AE6 /* Stopwatch */ = {
			isa = PBXGroup;
			children = (
				400356B919F20B5200D49AE6 /* AppDelegate.swift */,
				400356BB19F20B5200D49AE6 /* ViewController.swift */,
				400356BD19F20B5200D49AE6 /* Main.storyboard */,
				400356C019F20B5200D49AE6 /* Images.xcassets */,
				400356C219F20B5200D49AE6 /* LaunchScreen.xib */,
				400356B719F20B5200D49AE6 /* Supporting Files */,
			);
			path = Stopwatch;
			sourceTree = "<group>";
		};
		400356B719F20B5200D49AE6 /* Supporting Files */ = {
			isa = PBXGroup;
			children = (
				400356B819F20B5200D49AE6 /* Info.plist */,
			);
			name = "Supporting Files";
			sourceTree = "<group>";
		};
		400356CC19F20B5200D49AE6 /* StopwatchTests */ = {
			isa = PBXGroup;
			children = (
				400356CF19F20B5200D49AE6 /* StopwatchTests.swift */,
				400356CD19F20B5200D49AE6 /* Supporting Files */,
			);
			path = StopwatchTests;
			sourceTree = "<group>";
		};
		400356CD19F20B5200D49AE6 /* Supporting Files */ = {
			isa = PBXGroup;
			children = (
				400356CE19F20B5200D49AE6 /* Info.plist */,
			);
			name = "Supporting Files";
			sourceTree = "<group>";
		};
/* End PBXGroup section */

/* Begin PBXNativeTarget section */
		400356B319F20B5200D49AE6 /* Stopwatch */ = {
			isa = PBXNativeTarget;
			buildConfigurationList = 400356D319F20B5200D49AE6 /* Build configuration list for PBXNativeTarget "Stopwatch" */;
			buildPhases = (
				400356B019F20B5200D49AE6 /* Sources */,
				400356B119F20B5200D49AE6 /* Frameworks */,
				400356B219F20B5200D49AE6 /* Resources */,
			);
			buildRules = (
			);
			dependencies = (
			);
			name = Stopwatch;
			productName = Stopwatch;
			productReference = 400356B419F20B5200D49AE6 /* Stopwatch.app */;
			productType = "com.apple.product-type.application";
		};
		400356C819F20B5200D49AE6 /* StopwatchTests */ = {
			isa = PBXNativeTarget;
			buildConfigurationList = 400356D619F20B5200D49AE6 /* Build configuration list for PBXNativeTarget "StopwatchTests" */;
			buildPhases = (
				400356C519F20B5200D49AE6 /* Sources */,
				400356C619F20B5200D49AE6 /* Frameworks */,
				400356C719F20B5200D49AE6 /* Resources */,
			);
			buildRules = (
			);
			dependencies = (
				400356CB19F20B5200D49AE6 /* PBXTargetDependency */,
			);
			name = StopwatchTests;
			productName = StopwatchTests;
			productReference = 400356C919F20B5200D49AE6 /* StopwatchTests.xctest */;
			productType = "com.apple.product-type.bundle.unit-test";
		};
/* End PBXNativeTarget section */

/* Begin PBXProject section */
		400356AC19F20B5200D49AE6 /* Project object */ = {
			isa = PBXProject;
			attributes = {
				LastUpgradeCheck = 0600;
				ORGANIZATIONNAME = sgudla;
				TargetAttributes = {
					400356B319F20B5200D49AE6 = {
						CreatedOnToolsVersion = 6.0.1;
					};
					400356C819F20B5200D49AE6 = {
						CreatedOnToolsVersion = 6.0.1;
						TestTargetID = 400356B319F20B5200D49AE6;
					};
				};
			};
			buildConfigurationList = 400356AF19F20B5200D49AE6 /* Build configuration list for PBXProject "Stopwatch" */;
			compatibilityVersion = "Xcode 3.2";
			developmentRegion = English;
			hasScannedForEncodings = 0;
			knownRegions = (
				en,
				Base,
			);
			mainGroup = 400356AB19F20B5200D49AE6;
			productRefGroup = 400356B519F20B5200D49AE6 /* Products */;
			projectDirPath = "";
			projectRoot = "";
			targets = (
				400356B319F20B5200D49AE6 /* Stopwatch */,
				400356C819F20B5200D49AE6 /* StopwatchTests */,
			);
		};
/* End PBXProject section */

/* Begin PBXResourcesBuildPhase section */
		400356B219F20B5200D49AE6 /* Resources */ = {
			isa = PBXResourcesBuildPhase;
			buildActionMask = 2147483647;
			files = (
				400356BF19F20B5200D49AE6 /* Main.storyboard in Resources */,
				400356C419F20B5200D49AE6 /* LaunchScreen.xib in Resources */,
				400356C119F20B5200D49AE6 /* Images.xcassets in Resources */,
			);
			runOnlyForDeploymentPostprocessing = 0;
		};
		400356C719F20B5200D49AE6 /* Resources */ = {
			isa = PBXResourcesBuildPhase;
			buildActionMask = 2147483647;
			files = (
			);
			runOnlyForDeploymentPostprocessing = 0;
		};
/* End PBXResourcesBuildPhase section */

/* Begin PBXSourcesBuildPhase section */
		400356B019F20B5200D49AE6 /* Sources */ = {
			isa = PBXSourcesBuildPhase;
			buildActionMask = 2147483647;
			files = (
				400356BC19F20B5200D49AE6 /* ViewController.swift in Sources */,
				400356BA19F20B5200D49AE6 /* AppDelegate.swift in Sources */,
			);
			runOnlyForDeploymentPostprocessing = 0;
		};
		400356C519F20B5200D49AE6 /* Sources */ = {
			isa = PBXSourcesBuildPhase;
			buildActionMask = 2147483647;
			files = (
				400356D019F20B5200D49AE6 /* StopwatchTests.swift in Sources */,
			);
			runOnlyForDeploymentPostprocessing = 0;
		};
/* End PBXSourcesBuildPhase section */

/* Begin PBXTargetDependency section */
		400356CB19F20B5200D49AE6 /* PBXTargetDependency */ = {
			isa = PBXTargetDependency;
			target = 400356B319F20B5200D49AE6 /* Stopwatch */;
			targetProxy = 400356CA19F20B5200D49AE6 /* PBXContainerItemProxy */;
		};
/* End PBXTargetDependency section */

/* Begin PBXVariantGroup section */
		400356BD19F20B5200D49AE6 /* Main.storyboard */ = {
			isa = PBXVariantGroup;
			children = (
				400356BE19F20B5200D49AE6 /* Base */,
			);
			name = Main.storyboard;
			sourceTree = "<group>";
		};
		400356C219F20B5200D49AE6 /* LaunchScreen.xib */ = {
			isa = PBXVariantGroup;
			children = (
				400356C319F20B5200D49AE6 /* Base */,
			);
			name = LaunchScreen.xib;
			sourceTree = "<group>";
		};
/* End PBXVariantGroup section */

/* Begin XCBuildConfiguration section */
		400356D119F20B5200D49AE6 /* Debug */ = {
			isa = XCBuildConfiguration;
			buildSettings = {
				ALWAYS_SEARCH_USER_PATHS = NO;
				CLANG_CXX_LANGUAGE_STANDARD = "gnu++0x";
				CLANG_CXX_LIBRARY = "libc++";
				CLANG_ENABLE_MODULES = YES;
				CLANG_ENABLE_OBJC_ARC = YES;
				CLANG_WARN_BOOL_CONVERSION = YES;
				CLANG_WARN_CONSTANT_CONVERSION = YES;
				CLANG_WARN_DIRECT_OBJC_ISA_USAGE = YES_ERROR;
				CLANG_WARN_EMPTY_BODY = YES;
				CLANG_WARN_ENUM_CONVERSION = YES;
				CLANG_WARN_INT_CONVERSION = YES;
				CLANG_WARN_OBJC_ROOT_CLASS = YES_ERROR;
				CLANG_WARN_UNREACHABLE_CODE = YES;
				CLANG_WARN__DUPLICATE_METHOD_MATCH = YES;
				"CODE_SIGN_IDENTITY[sdk=iphoneos*]" = "iPhone Developer";
				COPY_PHASE_STRIP = NO;
				ENABLE_STRICT_OBJC_MSGSEND = YES;
				GCC_C_LANGUAGE_STANDARD = gnu99;
				GCC_DYNAMIC_NO_PIC = NO;
				GCC_OPTIMIZATION_LEVEL = 0;
				GCC_PREPROCESSOR_DEFINITIONS = (
					"DEBUG=1",
					"$(inherited)",
				);
				GCC_SYMBOLS_PRIVATE_EXTERN = NO;
				GCC_WARN_64_TO_32_BIT_CONVERSION = YES;
				GCC_WARN_ABOUT_RETURN_TYPE = YES_ERROR;
				GCC_WARN_UNDECLARED_SELECTOR = YES;
				GCC_WARN_UNINITIALIZED_AUTOS = YES_AGGRESSIVE;
				GCC_WARN_UNUSED_FUNCTION = YES;
				GCC_WARN_UNUSED_VARIABLE = YES;
				IPHONEOS_DEPLOYMENT_TARGET = 8.0;
				MTL_ENABLE_DEBUG_INFO = YES;
				ONLY_ACTIVE_ARCH = YES;
				SDKROOT = iphoneos;
				SWIFT_OPTIMIZATION_LEVEL = "-Onone";
			};
			name = Debug;
		};
		400356D219F20B5200D49AE6 /* Release */ = {
			isa = XCBuildConfiguration;
			buildSettings = {
				ALWAYS_SEARCH_USER_PATHS = NO;
				CLANG_CXX_LANGUAGE_STANDARD = "gnu++0x";
				CLANG_CXX_LIBRARY = "libc++";
				CLANG_ENABLE_MODULES = YES;
				CLANG_ENABLE_OBJC_ARC = YES;
				CLANG_WARN_BOOL_CONVERSION = YES;
				CLANG_WARN_CONSTANT_CONVERSION = YES;
				CLANG_WARN_DIRECT_OBJC_ISA_USAGE = YES_ERROR;
				CLANG_WARN_EMPTY_BODY = YES;
				CLANG_WARN_ENUM_CONVERSION = YES;
				CLANG_WARN_INT_CONVERSION = YES;
				CLANG_WARN_OBJC_ROOT_CLASS = YES_ERROR;
				CLANG_WARN_UNREACHABLE_CODE = YES;
				CLANG_WARN__DUPLICATE_METHOD_MATCH = YES;
				"CODE_SIGN_IDENTITY[sdk=iphoneos*]" = "iPhone Developer";
				COPY_PHASE_STRIP = YES;
				ENABLE_NS_ASSERTIONS = NO;
				ENABLE_STRICT_OBJC_MSGSEND = YES;
				GCC_C_LANGUAGE_STANDARD = gnu99;
				GCC_WARN_64_TO_32_BIT_CONVERSION = YES;
				GCC_WARN_ABOUT_RETURN_TYPE = YES_ERROR;
				GCC_WARN_UNDECLARED_SELECTOR = YES;
				GCC_WARN_UNINITIALIZED_AUTOS = YES_AGGRESSIVE;
				GCC_WARN_UNUSED_FUNCTION = YES;
				GCC_WARN_UNUSED_VARIABLE = YES;
				IPHONEOS_DEPLOYMENT_TARGET = 8.0;
				MTL_ENABLE_DEBUG_INFO = NO;
				SDKROOT = iphoneos;
				VALIDATE_PRODUCT = YES;
			};
			name = Release;
		};
		400356D419F20B5200D49AE6 /* Debug */ = {
			isa = XCBuildConfiguration;
			buildSettings = {
				ASSETCATALOG_COMPILER_APPICON_NAME = AppIcon;
				INFOPLIST_FILE = Stopwatch/Info.plist;
				LD_RUNPATH_SEARCH_PATHS = "$(inherited) @executable_path/Frameworks";
				PRODUCT_NAME = "$(TARGET_NAME)";
			};
			name = Debug;
		};
		400356D519F20B5200D49AE6 /* Release */ = {
			isa = XCBuildConfiguration;
			buildSettings = {
				ASSETCATALOG_COMPILER_APPICON_NAME = AppIcon;
				INFOPLIST_FILE = Stopwatch/Info.plist;
				LD_RUNPATH_SEARCH_PATHS = "$(inherited) @executable_path/Frameworks";
				PRODUCT_NAME = "$(TARGET_NAME)";
			};
			name = Release;
		};
		400356D719F20B5200D49AE6 /* Debug */ = {
			isa = XCBuildConfiguration;
			buildSettings = {
				BUNDLE_LOADER = "$(TEST_HOST)";
				FRAMEWORK_SEARCH_PATHS = (
					"$(SDKROOT)/Developer/Library/Frameworks",
					"$(inherited)",
				);
				GCC_PREPROCESSOR_DEFINITIONS = (
					"DEBUG=1",
					"$(inherited)",
				);
				INFOPLIST_FILE = StopwatchTests/Info.plist;
				LD_RUNPATH_SEARCH_PATHS = "$(inherited) @executable_path/Frameworks @loader_path/Frameworks";
				PRODUCT_NAME = "$(TARGET_NAME)";
				TEST_HOST = "$(BUILT_PRODUCTS_DIR)/Stopwatch.app/Stopwatch";
			};
			name = Debug;
		};
		400356D819F20B5200D49AE6 /* Release */ = {
			isa = XCBuildConfiguration;
			buildSettings = {
				BUNDLE_LOADER = "$(TEST_HOST)";
				FRAMEWORK_SEARCH_PATHS = (
					"$(SDKROOT)/Developer/Library/Frameworks",
					"$(inherited)",
				);
				INFOPLIST_FILE = StopwatchTests/Info.plist;
				LD_RUNPATH_SEARCH_PATHS = "$(inherited) @executable_path/Frameworks @loader_path/Frameworks";
				PRODUCT_NAME = "$(TARGET_NAME)";
				TEST_HOST = "$(BUILT_PRODUCTS_DIR)/Stopwatch.app/Stopwatch";
			};
			name = Release;
		};
/* End XCBuildConfiguration section */

/* Begin XCConfigurationList section */
		400356AF19F20B5200D49AE6 /* Build configuration list for PBXProject "Stopwatch" */ = {
			isa = XCConfigurationList;
			buildConfigurations = (
				400356D119F20B5200D49AE6 /* Debug */,
				400356D219F20B5200D49AE6 /* Release */,
			);
			defaultConfigurationIsVisible = 0;
			defaultConfigurationName = Release;
		};
		400356D319F20B5200D49AE6 /* Build configuration list for PBXNativeTarget "Stopwatch" */ = {
			isa = XCConfigurationList;
			buildConfigurations = (
				400356D419F20B5200D49AE6 /* Debug */,
				400356D519F20B5200D49AE6 /* Release */,
			);
			defaultConfigurationIsVisible = 0;
		};
		400356D619F20B5200D49AE6 /* Build configuration list for PBXNativeTarget "StopwatchTests" */ = {
			isa = XCConfigurationList;
			buildConfigurations = (
				400356D719F20B5200D49AE6 /* Debug */,
				400356D819F20B5200D49AE6 /* Release */,
			);
			defaultConfigurationIsVisible = 0;
		};
/* End XCConfigurationList section */
	};
	rootObject = 400356AC19F20B5200D49AE6 /* Project object */;
}
